
Microsoft Visual Studio Solution File, Format Version 12.00
# Visual Studio Version 16
VisualStudioVersion = 16.0.30804.86
MinimumVisualStudioVersion = 10.0.40219.1
Project("{FAE04EC0-301F-11D3-BF4B-00C04F79EFBC}") = "Mervit.Api", "Mervit.Api\Mervit.Api.csproj", "{6090D10C-27C6-421A-8903-C52D3D53278C}"
EndProject
Global
	GlobalSection(SolutionConfigurationPlatforms) = preSolution
		Debug|Any CPU = Debug|Any CPU
		Release|Any CPU = Release|Any CPU
	EndGlobalSection
	GlobalSection(ProjectConfigurationPlatforms) = postSolution
		{6090D10C-27C6-421A-8903-C52D3D53278C}.Debug|Any CPU.ActiveCfg = Debug|Any CPU
		{6090D10C-27C6-421A-8903-C52D3D53278C}.Debug|Any CPU.Build.0 = Debug|Any CPU
		{6090D10C-27C6-421A-8903-C52D3D53278C}.Release|Any CPU.ActiveCfg = Release|Any CPU
		{6090D10C-27C6-421A-8903-C52D3D53278C}.Release|Any CPU.Build.0 = Release|Any CPU
	EndGlobalSection
	GlobalSection(SolutionProperties) = preSolution
		HideSolutionNode = FALSE
	EndGlobalSection
	GlobalSection(ExtensibilityGlobals) = postSolution
		SolutionGuid = {D4CD5D55-799B-4C3A-96AE-8B4B0FBF0849}
	EndGlobalSection
EndGlobal
